
Microsoft Visual Studio Solution File, Format Version 12.00
# Visual Studio Version 17
VisualStudioVersion = 17.7.34221.43
MinimumVisualStudioVersion = 10.0.40219.1
Project("{FAE04EC0-301F-11D3-BF4B-00C04F79EFBC}") = "ProtocolApp", "ProtocolApp\ProtocolApp.csproj", "{3A2178F7-64D1-4573-A975-307474F00588}"
EndProject
Global
	GlobalSection(SolutionConfigurationPlatforms) = preSolution
		Debug|Any CPU = Debug|Any CPU
		Release|Any CPU = Release|Any CPU
	EndGlobalSection
	GlobalSection(ProjectConfigurationPlatforms) = postSolution
		{3A2178F7-64D1-4573-A975-307474F00588}.Debug|Any CPU.ActiveCfg = Debug|Any CPU
		{3A2178F7-64D1-4573-A975-307474F00588}.Debug|Any CPU.Build.0 = Debug|Any CPU
		{3A2178F7-64D1-4573-A975-307474F00588}.Release|Any CPU.ActiveCfg = Release|Any CPU
		{3A2178F7-64D1-4573-A975-307474F00588}.Release|Any CPU.Build.0 = Release|Any CPU
	EndGlobalSection
	GlobalSection(SolutionProperties) = preSolution
		HideSolutionNode = FALSE
	EndGlobalSection
	GlobalSection(ExtensibilityGlobals) = postSolution
		SolutionGuid = {7C34E2CC-EF39-49CA-AB34-2FB27DA51C55}
	EndGlobalSection
EndGlobal
